github.com/d5/tengo v1.17.0 h1:7APyM7mx2pTaUX9H7vywQtEvFwqGfBEopLdZmA48DwE=
github.com/d5/tengo v1.17.0/go.mod h1:gsbjo7lBXzBIWBd6NQp1lRKqqiDDANqBOyhW8rTlFsY=
github.com/d5/tengo v1.24.8 h1:PRJ+NWt7ae/9sSbIfThOBTkPSvNV+dwYoBAvwfNgNJY=
github.com/d5/tengo v1.24.8/go.mod h1:VhLq8Q2QFhCIJO3NhvM934qOThykMqJi9y9Siqd1ocQ=
