# This file is autogenerated, do not edit; changes may be undone by the next 'dep ensure'.


[[projects]]
  digest = "1:1bfba84c80d8612f36fb12843002b522e89b654fa2cf0c875f62f776b413d52d"
  name = "github.com/d5/tengo"
  packages = [
    ".",
    "assert",
    "compiler",
    "compiler/ast",
    "compiler/parser",
    "compiler/scanner",
    "compiler/source",
    "compiler/token",
    "objects",
    "runtime",
    "script",
    "stdlib",
  ]
  pruneopts = "UT"
  revision = "61890b15cbd89f2335b7f69dc89f6005db9554e9"
  version = "v1.17.0"

[solve-meta]
  analyzer-name = "dep"
  analyzer-version = 1
  input-imports = [
    "github.com/d5/tengo/assert",
    "github.com/d5/tengo/objects",
    "github.com/d5/tengo/script",
    "github.com/d5/tengo/stdlib",
  ]
  solver-name = "gps-cdcl"
  solver-version = 1
