# This file is autogenerated, do not edit; changes may be undone by the next 'dep ensure'.


[[projects]]
  digest = "1:710f2bd52fec48ce6b597a4cd692049087b5e951ceb7b81a29849c0e67f9e233"
  name = "github.com/d5/tengo"
  packages = [
    ".",
    "assert",
    "compiler",
    "compiler/ast",
    "compiler/parser",
    "compiler/scanner",
    "compiler/source",
    "compiler/token",
    "objects",
    "runtime",
    "script",
  ]
  pruneopts = "UT"
  revision = "e93f6f63256a33d7babb51bc293c7ca16b70331a"
  version = "v1.13.0"

[solve-meta]
  analyzer-name = "dep"
  analyzer-version = 1
  input-imports = [
    "github.com/d5/tengo/assert",
    "github.com/d5/tengo/objects",
    "github.com/d5/tengo/script",
  ]
  solver-name = "gps-cdcl"
  solver-version = 1
