# This file is autogenerated, do not edit; changes may be undone by the next 'dep ensure'.


[[projects]]
  digest = "1:ea048177d3be0ce8f383ddfcc846d412fa721a32740a25a8474c0a9542833791"
  name = "github.com/d5/tengo"
  packages = [
    "assert",
    "compiler",
    "compiler/ast",
    "compiler/parser",
    "compiler/scanner",
    "compiler/source",
    "compiler/stdlib",
    "compiler/token",
    "objects",
    "runtime",
    "script",
  ]
  pruneopts = "UT"
  revision = "edfb76525848e1620579f44b34bc5e086950df06"
  version = "v1.4.0"

[solve-meta]
  analyzer-name = "dep"
  analyzer-version = 1
  input-imports = [
    "github.com/d5/tengo/assert",
    "github.com/d5/tengo/objects",
    "github.com/d5/tengo/script",
  ]
  solver-name = "gps-cdcl"
  solver-version = 1
